
Microsoft Visual Studio Solution File, Format Version 12.00
# Visual Studio Version 16
VisualStudioVersion = 16.0.30002.166
MinimumVisualStudioVersion = 10.0.40219.1
Project("{FAE04EC0-301F-11D3-BF4B-00C04F79EFBC}") = "CSharp8", "CSharp8\CSharp8.csproj", "{F66BCAE9-BFD4-4556-97B3-5D4F4C5C8F00}"
EndProject
Global
	GlobalSection(SolutionConfigurationPlatforms) = preSolution
		Debug|Any CPU = Debug|Any CPU
		Release|Any CPU = Release|Any CPU
	EndGlobalSection
	GlobalSection(ProjectConfigurationPlatforms) = postSolution
		{F66BCAE9-BFD4-4556-97B3-5D4F4C5C8F00}.Debug|Any CPU.ActiveCfg = Debug|Any CPU
		{F66BCAE9-BFD4-4556-97B3-5D4F4C5C8F00}.Debug|Any CPU.Build.0 = Debug|Any CPU
		{F66BCAE9-BFD4-4556-97B3-5D4F4C5C8F00}.Release|Any CPU.ActiveCfg = Release|Any CPU
		{F66BCAE9-BFD4-4556-97B3-5D4F4C5C8F00}.Release|Any CPU.Build.0 = Release|Any CPU
	EndGlobalSection
	GlobalSection(SolutionProperties) = preSolution
		HideSolutionNode = FALSE
	EndGlobalSection
	GlobalSection(ExtensibilityGlobals) = postSolution
		SolutionGuid = {D9B8025D-F01E-4EFD-B82A-2E897AEBA6EA}
	EndGlobalSection
EndGlobal
